{
  "name": "ethereum-blockies",
  "version": "0.1.1",
  "lockfileVersion": 1,
  "requires": true,
  "dependencies": {
    "rollup": {
      "version": "0.53.3",
      "resolved": "https://registry.npmjs.org/rollup/-/rollup-0.53.3.tgz",
      "integrity": "sha512-MADFV0jpoh1QDB6U0U6YamGihGetxHEYgwTcGsc7map6JFIydPEfGNshK+ozxv1RKeUOQKn1vRb85IAcdjL22Q==",
      "dev": true
    }
  }
}
